
Microsoft Visual Studio Solution File, Format Version 12.00
# Visual Studio Version 16
VisualStudioVersion = 16.0.31424.327
MinimumVisualStudioVersion = 10.0.40219.1
Project("{FAE04EC0-301F-11D3-BF4B-00C04F79EFBC}") = "GoodsSupply", "GoodsSupply.csproj", "{208AABCD-E284-45D7-A42C-91EB52CFCEEE}"
EndProject
Global
	GlobalSection(SolutionConfigurationPlatforms) = preSolution
		Debug|Any CPU = Debug|Any CPU
		Release|Any CPU = Release|Any CPU
	EndGlobalSection
	GlobalSection(ProjectConfigurationPlatforms) = postSolution
		{208AABCD-E284-45D7-A42C-91EB52CFCEEE}.Debug|Any CPU.ActiveCfg = Debug|Any CPU
		{208AABCD-E284-45D7-A42C-91EB52CFCEEE}.Debug|Any CPU.Build.0 = Debug|Any CPU
		{208AABCD-E284-45D7-A42C-91EB52CFCEEE}.Release|Any CPU.ActiveCfg = Release|Any CPU
		{208AABCD-E284-45D7-A42C-91EB52CFCEEE}.Release|Any CPU.Build.0 = Release|Any CPU
	EndGlobalSection
	GlobalSection(SolutionProperties) = preSolution
		HideSolutionNode = FALSE
	EndGlobalSection
	GlobalSection(ExtensibilityGlobals) = postSolution
		SolutionGuid = {261126F5-1B60-42BA-A4A7-3063C14B08C0}
	EndGlobalSection
EndGlobal
